Microsoft Visual Studio Solution File, Format Version 11.00
# Visual Studio 2010
Project("{2150E333-8FDC-42A3-9474-1A3956D46DE8}") = "Solution Items", "Solution Items", "{CC9260CC-7E76-4508-A5DE-6635DBE233BE}"
EndProject
Project("{F184B08F-C81C-45F6-A57F-5ABD9991F28F}") = "DataImportManager", "DataImportManager\DataImportManager.vbproj", "{3C64DBF2-2102-4FD2-9EEF-AD1E21215A66}"
EndProject
Global
	GlobalSection(SolutionConfigurationPlatforms) = preSolution
		Debug|x86 = Debug|x86
		Release|x86 = Release|x86
	EndGlobalSection
	GlobalSection(ProjectConfigurationPlatforms) = postSolution
		{3C64DBF2-2102-4FD2-9EEF-AD1E21215A66}.Debug|x86.ActiveCfg = Debug|x86
		{3C64DBF2-2102-4FD2-9EEF-AD1E21215A66}.Debug|x86.Build.0 = Debug|x86
		{3C64DBF2-2102-4FD2-9EEF-AD1E21215A66}.Release|x86.ActiveCfg = Release|x86
		{3C64DBF2-2102-4FD2-9EEF-AD1E21215A66}.Release|x86.Build.0 = Release|x86
	EndGlobalSection
	GlobalSection(SolutionProperties) = preSolution
		HideSolutionNode = FALSE
	EndGlobalSection
	GlobalSection(NestedProjects) = preSolution
		{3C64DBF2-2102-4FD2-9EEF-AD1E21215A66} = {CC9260CC-7E76-4508-A5DE-6635DBE233BE}
	EndGlobalSection
EndGlobal
