Microsoft Visual Studio Solution File, Format Version 9.00
# Visual Studio 2005
Project("{2150E333-8FDC-42A3-9474-1A3956D46DE8}") = "Solution Items", "Solution Items", "{CC9260CC-7E76-4508-A5DE-6635DBE233BE}"
EndProject
Project("{F184B08F-C81C-45F6-A57F-5ABD9991F28F}") = "DataImportManager", "DataImportManager\DataImportManager.vbproj", "{3C64DBF2-2102-4FD2-9EEF-AD1E21215A66}"
EndProject
Global
	GlobalSection(SolutionConfigurationPlatforms) = preSolution
		Debug|Any CPU = Debug|Any CPU
		Release|Any CPU = Release|Any CPU
	EndGlobalSection
	GlobalSection(ProjectConfigurationPlatforms) = postSolution
		{3C64DBF2-2102-4FD2-9EEF-AD1E21215A66}.Debug|Any CPU.ActiveCfg = Debug|Any CPU
		{3C64DBF2-2102-4FD2-9EEF-AD1E21215A66}.Debug|Any CPU.Build.0 = Debug|Any CPU
		{3C64DBF2-2102-4FD2-9EEF-AD1E21215A66}.Release|Any CPU.ActiveCfg = Release|Any CPU
		{3C64DBF2-2102-4FD2-9EEF-AD1E21215A66}.Release|Any CPU.Build.0 = Release|Any CPU
	EndGlobalSection
	GlobalSection(SolutionProperties) = preSolution
		HideSolutionNode = FALSE
	EndGlobalSection
	GlobalSection(NestedProjects) = preSolution
		{3C64DBF2-2102-4FD2-9EEF-AD1E21215A66} = {CC9260CC-7E76-4508-A5DE-6635DBE233BE}
	EndGlobalSection
EndGlobal
